
Microsoft Visual Studio Solution File, Format Version 12.00
# Visual Studio Version 17
VisualStudioVersion = 17.5.2.0
MinimumVisualStudioVersion = 10.0.40219.1
Project("{FAE04EC0-301F-11D3-BF4B-00C04F79EFBC}") = "BankingApplication", "BankingApplication\BankingApplication.csproj", "{6F864517-2790-DB84-F7B5-FB42F6483A54}"
EndProject
Project("{FAE04EC0-301F-11D3-BF4B-00C04F79EFBC}") = "ArithmeticExpression", "ArithmeticExpression\ArithmeticExpression.csproj", "{10B954C7-5D2E-4FB0-B7AE-852002BAF853}"
EndProject
Project("{FAE04EC0-301F-11D3-BF4B-00C04F79EFBC}") = "MidPointRounding", "MidPointRounding\MidPointRounding.csproj", "{BBB560FB-69C9-4451-90EB-0BF9B517A318}"
EndProject
Project("{FAE04EC0-301F-11D3-BF4B-00C04F79EFBC}") = "Conversion", "Conversion\Conversion.csproj", "{DC420036-8B31-4499-ABCA-7866101109BE}"
EndProject
Project("{FAE04EC0-301F-11D3-BF4B-00C04F79EFBC}") = "DisplayHeight", "DisplayHeight\DisplayHeight.csproj", "{BD9EE62E-A24E-4FBA-BE45-85EB5BCB76F5}"
EndProject
Global
	GlobalSection(SolutionConfigurationPlatforms) = preSolution
		Debug|Any CPU = Debug|Any CPU
		Debug|x64 = Debug|x64
		Debug|x86 = Debug|x86
		Release|Any CPU = Release|Any CPU
		Release|x64 = Release|x64
		Release|x86 = Release|x86
	EndGlobalSection
	GlobalSection(ProjectConfigurationPlatforms) = postSolution
		{6F864517-2790-DB84-F7B5-FB42F6483A54}.Debug|Any CPU.ActiveCfg = Debug|Any CPU
		{6F864517-2790-DB84-F7B5-FB42F6483A54}.Debug|Any CPU.Build.0 = Debug|Any CPU
		{6F864517-2790-DB84-F7B5-FB42F6483A54}.Debug|x64.ActiveCfg = Debug|Any CPU
		{6F864517-2790-DB84-F7B5-FB42F6483A54}.Debug|x64.Build.0 = Debug|Any CPU
		{6F864517-2790-DB84-F7B5-FB42F6483A54}.Debug|x86.ActiveCfg = Debug|Any CPU
		{6F864517-2790-DB84-F7B5-FB42F6483A54}.Debug|x86.Build.0 = Debug|Any CPU
		{6F864517-2790-DB84-F7B5-FB42F6483A54}.Release|Any CPU.ActiveCfg = Release|Any CPU
		{6F864517-2790-DB84-F7B5-FB42F6483A54}.Release|Any CPU.Build.0 = Release|Any CPU
		{6F864517-2790-DB84-F7B5-FB42F6483A54}.Release|x64.ActiveCfg = Release|Any CPU
		{6F864517-2790-DB84-F7B5-FB42F6483A54}.Release|x64.Build.0 = Release|Any CPU
		{6F864517-2790-DB84-F7B5-FB42F6483A54}.Release|x86.ActiveCfg = Release|Any CPU
		{6F864517-2790-DB84-F7B5-FB42F6483A54}.Release|x86.Build.0 = Release|Any CPU
		{10B954C7-5D2E-4FB0-B7AE-852002BAF853}.Debug|Any CPU.ActiveCfg = Debug|Any CPU
		{10B954C7-5D2E-4FB0-B7AE-852002BAF853}.Debug|Any CPU.Build.0 = Debug|Any CPU
		{10B954C7-5D2E-4FB0-B7AE-852002BAF853}.Debug|x64.ActiveCfg = Debug|Any CPU
		{10B954C7-5D2E-4FB0-B7AE-852002BAF853}.Debug|x64.Build.0 = Debug|Any CPU
		{10B954C7-5D2E-4FB0-B7AE-852002BAF853}.Debug|x86.ActiveCfg = Debug|Any CPU
		{10B954C7-5D2E-4FB0-B7AE-852002BAF853}.Debug|x86.Build.0 = Debug|Any CPU
		{10B954C7-5D2E-4FB0-B7AE-852002BAF853}.Release|Any CPU.ActiveCfg = Release|Any CPU
		{10B954C7-5D2E-4FB0-B7AE-852002BAF853}.Release|Any CPU.Build.0 = Release|Any CPU
		{10B954C7-5D2E-4FB0-B7AE-852002BAF853}.Release|x64.ActiveCfg = Release|Any CPU
		{10B954C7-5D2E-4FB0-B7AE-852002BAF853}.Release|x64.Build.0 = Release|Any CPU
		{10B954C7-5D2E-4FB0-B7AE-852002BAF853}.Release|x86.ActiveCfg = Release|Any CPU
		{10B954C7-5D2E-4FB0-B7AE-852002BAF853}.Release|x86.Build.0 = Release|Any CPU
		{BBB560FB-69C9-4451-90EB-0BF9B517A318}.Debug|Any CPU.ActiveCfg = Debug|Any CPU
		{BBB560FB-69C9-4451-90EB-0BF9B517A318}.Debug|Any CPU.Build.0 = Debug|Any CPU
		{BBB560FB-69C9-4451-90EB-0BF9B517A318}.Debug|x64.ActiveCfg = Debug|Any CPU
		{BBB560FB-69C9-4451-90EB-0BF9B517A318}.Debug|x64.Build.0 = Debug|Any CPU
		{BBB560FB-69C9-4451-90EB-0BF9B517A318}.Debug|x86.ActiveCfg = Debug|Any CPU
		{BBB560FB-69C9-4451-90EB-0BF9B517A318}.Debug|x86.Build.0 = Debug|Any CPU
		{BBB560FB-69C9-4451-90EB-0BF9B517A318}.Release|Any CPU.ActiveCfg = Release|Any CPU
		{BBB560FB-69C9-4451-90EB-0BF9B517A318}.Release|Any CPU.Build.0 = Release|Any CPU
		{BBB560FB-69C9-4451-90EB-0BF9B517A318}.Release|x64.ActiveCfg = Release|Any CPU
		{BBB560FB-69C9-4451-90EB-0BF9B517A318}.Release|x64.Build.0 = Release|Any CPU
		{BBB560FB-69C9-4451-90EB-0BF9B517A318}.Release|x86.ActiveCfg = Release|Any CPU
		{BBB560FB-69C9-4451-90EB-0BF9B517A318}.Release|x86.Build.0 = Release|Any CPU
		{DC420036-8B31-4499-ABCA-7866101109BE}.Debug|Any CPU.ActiveCfg = Debug|Any CPU
		{DC420036-8B31-4499-ABCA-7866101109BE}.Debug|Any CPU.Build.0 = Debug|Any CPU
		{DC420036-8B31-4499-ABCA-7866101109BE}.Debug|x64.ActiveCfg = Debug|Any CPU
		{DC420036-8B31-4499-ABCA-7866101109BE}.Debug|x64.Build.0 = Debug|Any CPU
		{DC420036-8B31-4499-ABCA-7866101109BE}.Debug|x86.ActiveCfg = Debug|Any CPU
		{DC420036-8B31-4499-ABCA-7866101109BE}.Debug|x86.Build.0 = Debug|Any CPU
		{DC420036-8B31-4499-ABCA-7866101109BE}.Release|Any CPU.ActiveCfg = Release|Any CPU
		{DC420036-8B31-4499-ABCA-7866101109BE}.Release|Any CPU.Build.0 = Release|Any CPU
		{DC420036-8B31-4499-ABCA-7866101109BE}.Release|x64.ActiveCfg = Release|Any CPU
		{DC420036-8B31-4499-ABCA-7866101109BE}.Release|x64.Build.0 = Release|Any CPU
		{DC420036-8B31-4499-ABCA-7866101109BE}.Release|x86.ActiveCfg = Release|Any CPU
		{DC420036-8B31-4499-ABCA-7866101109BE}.Release|x86.Build.0 = Release|Any CPU
		{BD9EE62E-A24E-4FBA-BE45-85EB5BCB76F5}.Debug|Any CPU.ActiveCfg = Debug|Any CPU
		{BD9EE62E-A24E-4FBA-BE45-85EB5BCB76F5}.Debug|Any CPU.Build.0 = Debug|Any CPU
		{BD9EE62E-A24E-4FBA-BE45-85EB5BCB76F5}.Debug|x64.ActiveCfg = Debug|Any CPU
		{BD9EE62E-A24E-4FBA-BE45-85EB5BCB76F5}.Debug|x64.Build.0 = Debug|Any CPU
		{BD9EE62E-A24E-4FBA-BE45-85EB5BCB76F5}.Debug|x86.ActiveCfg = Debug|Any CPU
		{BD9EE62E-A24E-4FBA-BE45-85EB5BCB76F5}.Debug|x86.Build.0 = Debug|Any CPU
		{BD9EE62E-A24E-4FBA-BE45-85EB5BCB76F5}.Release|Any CPU.ActiveCfg = Release|Any CPU
		{BD9EE62E-A24E-4FBA-BE45-85EB5BCB76F5}.Release|Any CPU.Build.0 = Release|Any CPU
		{BD9EE62E-A24E-4FBA-BE45-85EB5BCB76F5}.Release|x64.ActiveCfg = Release|Any CPU
		{BD9EE62E-A24E-4FBA-BE45-85EB5BCB76F5}.Release|x64.Build.0 = Release|Any CPU
		{BD9EE62E-A24E-4FBA-BE45-85EB5BCB76F5}.Release|x86.ActiveCfg = Release|Any CPU
		{BD9EE62E-A24E-4FBA-BE45-85EB5BCB76F5}.Release|x86.Build.0 = Release|Any CPU
	EndGlobalSection
	GlobalSection(SolutionProperties) = preSolution
		HideSolutionNode = FALSE
	EndGlobalSection
	GlobalSection(ExtensibilityGlobals) = postSolution
		SolutionGuid = {6DD4576A-EC71-4952-AA23-947E453D3EF8}
	EndGlobalSection
EndGlobal
